
Microsoft Visual Studio Solution File, Format Version 11.00
# Visual Studio 2010
Project("{FAE04EC0-301F-11D3-BF4B-00C04F79EFBC}") = "SMI Ergodic", "SMI Ergodic\SMI Ergodic.csproj", "{75796012-8774-4285-9DB4-7EA09B48A834}"
EndProject
Global
	GlobalSection(SolutionConfigurationPlatforms) = preSolution
		Debug|Any CPU = Debug|Any CPU
		Release|Any CPU = Release|Any CPU
	EndGlobalSection
	GlobalSection(ProjectConfigurationPlatforms) = postSolution
		{75796012-8774-4285-9DB4-7EA09B48A834}.Debug|Any CPU.ActiveCfg = Debug|Any CPU
		{75796012-8774-4285-9DB4-7EA09B48A834}.Debug|Any CPU.Build.0 = Debug|Any CPU
		{75796012-8774-4285-9DB4-7EA09B48A834}.Release|Any CPU.ActiveCfg = Release|Any CPU
		{75796012-8774-4285-9DB4-7EA09B48A834}.Release|Any CPU.Build.0 = Release|Any CPU
	EndGlobalSection
	GlobalSection(SolutionProperties) = preSolution
		HideSolutionNode = FALSE
	EndGlobalSection
EndGlobal
